// !$*UTF8*$!
{
	archiveVersion = 1;
	classes = {
	};
	objectVersion = 46;
	objects = {

/* Begin PBXBuildFile section */
		07A900680DD488B4569E6D37 /* Pods_Swiggy_AssignmentTests.framework in Frameworks */ = {isa = PBXBuildFile; fileRef = 3A8791A2E7029D71A13F393B /* Pods_Swiggy_AssignmentTests.framework */; };
		702314481F1F8F1E00EB73D5 /* AppDelegate.swift in Sources */ = {isa = PBXBuildFile; fileRef = 702314471F1F8F1E00EB73D5 /* AppDelegate.swift */; };
		7023144D1F1F8F1E00EB73D5 /* Main.storyboard in Resources */ = {isa = PBXBuildFile; fileRef = 7023144B1F1F8F1E00EB73D5 /* Main.storyboard */; };
		7023144F1F1F8F1E00EB73D5 /* Assets.xcassets in Resources */ = {isa = PBXBuildFile; fileRef = 7023144E1F1F8F1E00EB73D5 /* Assets.xcassets */; };
		702314521F1F8F1E00EB73D5 /* LaunchScreen.storyboard in Resources */ = {isa = PBXBuildFile; fileRef = 702314501F1F8F1E00EB73D5 /* LaunchScreen.storyboard */; };
		7023145D1F1F8F1E00EB73D5 /* Swiggy_AssignmentTests.swift in Sources */ = {isa = PBXBuildFile; fileRef = 7023145C1F1F8F1E00EB73D5 /* Swiggy_AssignmentTests.swift */; };
		702314681F1F8F1E00EB73D5 /* Swiggy_AssignmentUITests.swift in Sources */ = {isa = PBXBuildFile; fileRef = 702314671F1F8F1E00EB73D5 /* Swiggy_AssignmentUITests.swift */; };
		702314861F1FB28400EB73D5 /* VariantsListViewController.swift in Sources */ = {isa = PBXBuildFile; fileRef = 702314851F1FB28400EB73D5 /* VariantsListViewController.swift */; };
		7023148C1F1FB29B00EB73D5 /* ExcludedItem.swift in Sources */ = {isa = PBXBuildFile; fileRef = 702314871F1FB29B00EB73D5 /* ExcludedItem.swift */; };
		7023148D1F1FB29B00EB73D5 /* VariantGroup.swift in Sources */ = {isa = PBXBuildFile; fileRef = 702314881F1FB29B00EB73D5 /* VariantGroup.swift */; };
		7023148E1F1FB29B00EB73D5 /* VariantList.swift in Sources */ = {isa = PBXBuildFile; fileRef = 702314891F1FB29B00EB73D5 /* VariantList.swift */; };
		7023148F1F1FB29B00EB73D5 /* Variants.swift in Sources */ = {isa = PBXBuildFile; fileRef = 7023148A1F1FB29B00EB73D5 /* Variants.swift */; };
		702314901F1FB29B00EB73D5 /* Variation.swift in Sources */ = {isa = PBXBuildFile; fileRef = 7023148B1F1FB29B00EB73D5 /* Variation.swift */; };
		702314921F1FB37400EB73D5 /* VariantGroupHeader.swift in Sources */ = {isa = PBXBuildFile; fileRef = 702314911F1FB37400EB73D5 /* VariantGroupHeader.swift */; };
		702314941F1FB3D300EB73D5 /* VariantGroupHeader.xib in Resources */ = {isa = PBXBuildFile; fileRef = 702314931F1FB3D300EB73D5 /* VariantGroupHeader.xib */; };
		702314971F1FC6CC00EB73D5 /* VariationItemCell.swift in Sources */ = {isa = PBXBuildFile; fileRef = 702314951F1FC6CC00EB73D5 /* VariationItemCell.swift */; };
		702314981F1FC6CC00EB73D5 /* VariationItemCell.xib in Resources */ = {isa = PBXBuildFile; fileRef = 702314961F1FC6CC00EB73D5 /* VariationItemCell.xib */; };
		7023149D1F20E90700EB73D5 /* UIView+Toast.m in Sources */ = {isa = PBXBuildFile; fileRef = 7023149C1F20E90700EB73D5 /* UIView+Toast.m */; };
		7D2E64E864A04CFA73C103EC /* Pods_Swiggy_Assignment.framework in Frameworks */ = {isa = PBXBuildFile; fileRef = 2F897AC769393C9BD6131E4A /* Pods_Swiggy_Assignment.framework */; };
		946C63521664BB5FBCDA4295 /* Pods_Swiggy_AssignmentUITests.framework in Frameworks */ = {isa = PBXBuildFile; fileRef = FC025382F7D0E06EE645C3CA /* Pods_Swiggy_AssignmentUITests.framework */; };
/* End PBXBuildFile section */

/* Begin PBXContainerItemProxy section */
		702314591F1F8F1E00EB73D5 /* PBXContainerItemProxy */ = {
			isa = PBXContainerItemProxy;
			containerPortal = 7023143C1F1F8F1E00EB73D5 /* Project object */;
			proxyType = 1;
			remoteGlobalIDString = 702314431F1F8F1E00EB73D5;
			remoteInfo = "Swiggy-Assignment";
		};
		702314641F1F8F1E00EB73D5 /* PBXContainerItemProxy */ = {
			isa = PBXContainerItemProxy;
			containerPortal = 7023143C1F1F8F1E00EB73D5 /* Project object */;
			proxyType = 1;
			remoteGlobalIDString = 702314431F1F8F1E00EB73D5;
			remoteInfo = "Swiggy-Assignment";
		};
/* End PBXContainerItemProxy section */

/* Begin PBXFileReference section */
		066902067BE5177F733138E9 /* Pods-Swiggy-AssignmentTests.debug.xcconfig */ = {isa = PBXFileReference; includeInIndex = 1; lastKnownFileType = text.xcconfig; name = "Pods-Swiggy-AssignmentTests.debug.xcconfig"; path = "Pods/Target Support Files/Pods-Swiggy-AssignmentTests/Pods-Swiggy-AssignmentTests.debug.xcconfig"; sourceTree = "<group>"; };
		1D1723BFA8BE4D0430F92308 /* Pods-Swiggy-AssignmentTests.release.xcconfig */ = {isa = PBXFileReference; includeInIndex = 1; lastKnownFileType = text.xcconfig; name = "Pods-Swiggy-AssignmentTests.release.xcconfig"; path = "Pods/Target Support Files/Pods-Swiggy-AssignmentTests/Pods-Swiggy-AssignmentTests.release.xcconfig"; sourceTree = "<group>"; };
		2F897AC769393C9BD6131E4A /* Pods_Swiggy_Assignment.framework */ = {isa = PBXFileReference; explicitFileType = wrapper.framework; includeInIndex = 0; path = Pods_Swiggy_Assignment.framework; sourceTree = BUILT_PRODUCTS_DIR; };
		31B6E363CB7754452746B650 /* Pods-Swiggy-AssignmentUITests.debug.xcconfig */ = {isa = PBXFileReference; includeInIndex = 1; lastKnownFileType = text.xcconfig; name = "Pods-Swiggy-AssignmentUITests.debug.xcconfig"; path = "Pods/Target Support Files/Pods-Swiggy-AssignmentUITests/Pods-Swiggy-AssignmentUITests.debug.xcconfig"; sourceTree = "<group>"; };
		3A8791A2E7029D71A13F393B /* Pods_Swiggy_AssignmentTests.framework */ = {isa = PBXFileReference; explicitFileType = wrapper.framework; includeInIndex = 0; path = Pods_Swiggy_AssignmentTests.framework; sourceTree = BUILT_PRODUCTS_DIR; };
		610D14ACDC43C33829D8E16D /* Pods-Swiggy-AssignmentUITests.release.xcconfig */ = {isa = PBXFileReference; includeInIndex = 1; lastKnownFileType = text.xcconfig; name = "Pods-Swiggy-AssignmentUITests.release.xcconfig"; path = "Pods/Target Support Files/Pods-Swiggy-AssignmentUITests/Pods-Swiggy-AssignmentUITests.release.xcconfig"; sourceTree = "<group>"; };
		6BE20C7EF006C97CB32515C6 /* Pods-Swiggy-Assignment.debug.xcconfig */ = {isa = PBXFileReference; includeInIndex = 1; lastKnownFileType = text.xcconfig; name = "Pods-Swiggy-Assignment.debug.xcconfig"; path = "Pods/Target Support Files/Pods-Swiggy-Assignment/Pods-Swiggy-Assignment.debug.xcconfig"; sourceTree = "<group>"; };
		702314441F1F8F1E00EB73D5 /* Swiggy-Assignment.app */ = {isa = PBXFileReference; explicitFileType = wrapper.application; includeInIndex = 0; path = "Swiggy-Assignment.app"; sourceTree = BUILT_PRODUCTS_DIR; };
		702314471F1F8F1E00EB73D5 /* AppDelegate.swift */ = {isa = PBXFileReference; lastKnownFileType = sourcecode.swift; path = AppDelegate.swift; sourceTree = "<group>"; };
		7023144C1F1F8F1E00EB73D5 /* Base */ = {isa = PBXFileReference; lastKnownFileType = file.storyboard; name = Base; path = Base.lproj/Main.storyboard; sourceTree = "<group>"; };
		7023144E1F1F8F1E00EB73D5 /* Assets.xcassets */ = {isa = PBXFileReference; lastKnownFileType = folder.assetcatalog; path = Assets.xcassets; sourceTree = "<group>"; };
		702314511F1F8F1E00EB73D5 /* Base */ = {isa = PBXFileReference; lastKnownFileType = file.storyboard; name = Base; path = Base.lproj/LaunchScreen.storyboard; sourceTree = "<group>"; };
		702314531F1F8F1E00EB73D5 /* Info.plist */ = {isa = PBXFileReference; lastKnownFileType = text.plist.xml; path = Info.plist; sourceTree = "<group>"; };
		702314581F1F8F1E00EB73D5 /* Swiggy-AssignmentTests.xctest */ = {isa = PBXFileReference; explicitFileType = wrapper.cfbundle; includeInIndex = 0; path = "Swiggy-AssignmentTests.xctest"; sourceTree = BUILT_PRODUCTS_DIR; };
		7023145C1F1F8F1E00EB73D5 /* Swiggy_AssignmentTests.swift */ = {isa = PBXFileReference; lastKnownFileType = sourcecode.swift; path = Swiggy_AssignmentTests.swift; sourceTree = "<group>"; };
		7023145E1F1F8F1E00EB73D5 /* Info.plist */ = {isa = PBXFileReference; lastKnownFileType = text.plist.xml; path = Info.plist; sourceTree = "<group>"; };
		702314631F1F8F1E00EB73D5 /* Swiggy-AssignmentUITests.xctest */ = {isa = PBXFileReference; explicitFileType = wrapper.cfbundle; includeInIndex = 0; path = "Swiggy-AssignmentUITests.xctest"; sourceTree = BUILT_PRODUCTS_DIR; };
		702314671F1F8F1E00EB73D5 /* Swiggy_AssignmentUITests.swift */ = {isa = PBXFileReference; lastKnownFileType = sourcecode.swift; path = Swiggy_AssignmentUITests.swift; sourceTree = "<group>"; };
		702314691F1F8F1E00EB73D5 /* Info.plist */ = {isa = PBXFileReference; lastKnownFileType = text.plist.xml; path = Info.plist; sourceTree = "<group>"; };
		702314851F1FB28400EB73D5 /* VariantsListViewController.swift */ = {isa = PBXFileReference; fileEncoding = 4; lastKnownFileType = sourcecode.swift; path = VariantsListViewController.swift; sourceTree = "<group>"; };
		702314871F1FB29B00EB73D5 /* ExcludedItem.swift */ = {isa = PBXFileReference; fileEncoding = 4; lastKnownFileType = sourcecode.swift; path = ExcludedItem.swift; sourceTree = "<group>"; };
		702314881F1FB29B00EB73D5 /* VariantGroup.swift */ = {isa = PBXFileReference; fileEncoding = 4; lastKnownFileType = sourcecode.swift; path = VariantGroup.swift; sourceTree = "<group>"; };
		702314891F1FB29B00EB73D5 /* VariantList.swift */ = {isa = PBXFileReference; fileEncoding = 4; lastKnownFileType = sourcecode.swift; path = VariantList.swift; sourceTree = "<group>"; };
		7023148A1F1FB29B00EB73D5 /* Variants.swift */ = {isa = PBXFileReference; fileEncoding = 4; lastKnownFileType = sourcecode.swift; path = Variants.swift; sourceTree = "<group>"; };
		7023148B1F1FB29B00EB73D5 /* Variation.swift */ = {isa = PBXFileReference; fileEncoding = 4; lastKnownFileType = sourcecode.swift; path = Variation.swift; sourceTree = "<group>"; };
		702314911F1FB37400EB73D5 /* VariantGroupHeader.swift */ = {isa = PBXFileReference; fileEncoding = 4; lastKnownFileType = sourcecode.swift; path = VariantGroupHeader.swift; sourceTree = "<group>"; };
		702314931F1FB3D300EB73D5 /* VariantGroupHeader.xib */ = {isa = PBXFileReference; fileEncoding = 4; lastKnownFileType = file.xib; path = VariantGroupHeader.xib; sourceTree = "<group>"; };
		702314951F1FC6CC00EB73D5 /* VariationItemCell.swift */ = {isa = PBXFileReference; fileEncoding = 4; lastKnownFileType = sourcecode.swift; path = VariationItemCell.swift; sourceTree = "<group>"; };
		702314961F1FC6CC00EB73D5 /* VariationItemCell.xib */ = {isa = PBXFileReference; fileEncoding = 4; lastKnownFileType = file.xib; path = VariationItemCell.xib; sourceTree = "<group>"; };
		7023149A1F20E90600EB73D5 /* Swiggy-Assignment-Bridging-Header.h */ = {isa = PBXFileReference; lastKnownFileType = sourcecode.c.h; path = "Swiggy-Assignment-Bridging-Header.h"; sourceTree = "<group>"; };
		7023149B1F20E90700EB73D5 /* UIView+Toast.h */ = {isa = PBXFileReference; fileEncoding = 4; lastKnownFileType = sourcecode.c.h; path = "UIView+Toast.h"; sourceTree = "<group>"; };
		7023149C1F20E90700EB73D5 /* UIView+Toast.m */ = {isa = PBXFileReference; fileEncoding = 4; lastKnownFileType = sourcecode.c.objc; path = "UIView+Toast.m"; sourceTree = "<group>"; };
		89777AB5FC96C45B120D84C2 /* Pods-Swiggy-Assignment.release.xcconfig */ = {isa = PBXFileReference; includeInIndex = 1; lastKnownFileType = text.xcconfig; name = "Pods-Swiggy-Assignment.release.xcconfig"; path = "Pods/Target Support Files/Pods-Swiggy-Assignment/Pods-Swiggy-Assignment.release.xcconfig"; sourceTree = "<group>"; };
		FC025382F7D0E06EE645C3CA /* Pods_Swiggy_AssignmentUITests.framework */ = {isa = PBXFileReference; explicitFileType = wrapper.framework; includeInIndex = 0; path = Pods_Swiggy_AssignmentUITests.framework; sourceTree = BUILT_PRODUCTS_DIR; };
/* End PBXFileReference section */

/* Begin PBXFrameworksBuildPhase section */
		702314411F1F8F1E00EB73D5 /* Frameworks */ = {
			isa = PBXFrameworksBuildPhase;
			buildActionMask = 2147483647;
			files = (
				7D2E64E864A04CFA73C103EC /* Pods_Swiggy_Assignment.framework in Frameworks */,
			);
			runOnlyForDeploymentPostprocessing = 0;
		};
		702314551F1F8F1E00EB73D5 /* Frameworks */ = {
			isa = PBXFrameworksBuildPhase;
			buildActionMask = 2147483647;
			files = (
				07A900680DD488B4569E6D37 /* Pods_Swiggy_AssignmentTests.framework in Frameworks */,
			);
			runOnlyForDeploymentPostprocessing = 0;
		};
		702314601F1F8F1E00EB73D5 /* Frameworks */ = {
			isa = PBXFrameworksBuildPhase;
			buildActionMask = 2147483647;
			files = (
				946C63521664BB5FBCDA4295 /* Pods_Swiggy_AssignmentUITests.framework in Frameworks */,
			);
			runOnlyForDeploymentPostprocessing = 0;
		};
/* End PBXFrameworksBuildPhase section */

/* Begin PBXGroup section */
		7023143B1F1F8F1E00EB73D5 = {
			isa = PBXGroup;
			children = (
				702314461F1F8F1E00EB73D5 /* Swiggy-Assignment */,
				7023145B1F1F8F1E00EB73D5 /* Swiggy-AssignmentTests */,
				702314661F1F8F1E00EB73D5 /* Swiggy-AssignmentUITests */,
				702314451F1F8F1E00EB73D5 /* Products */,
				9CD6FEF7A1C41E74E8C67F00 /* Pods */,
				7D3EC50C78DE5FC6D44A8668 /* Frameworks */,
			);
			sourceTree = "<group>";
		};
		702314451F1F8F1E00EB73D5 /* Products */ = {
			isa = PBXGroup;
			children = (
				702314441F1F8F1E00EB73D5 /* Swiggy-Assignment.app */,
				702314581F1F8F1E00EB73D5 /* Swiggy-AssignmentTests.xctest */,
				702314631F1F8F1E00EB73D5 /* Swiggy-AssignmentUITests.xctest */,
			);
			name = Products;
			sourceTree = "<group>";
		};
		702314461F1F8F1E00EB73D5 /* Swiggy-Assignment */ = {
			isa = PBXGroup;
			children = (
				702314991F20E8ED00EB73D5 /* Toast */,
				702314471F1F8F1E00EB73D5 /* AppDelegate.swift */,
				7023144E1F1F8F1E00EB73D5 /* Assets.xcassets */,
				702314531F1F8F1E00EB73D5 /* Info.plist */,
				702314501F1F8F1E00EB73D5 /* LaunchScreen.storyboard */,
				7023144B1F1F8F1E00EB73D5 /* Main.storyboard */,
				702314751F1F92FB00EB73D5 /* Model */,
				702314821F1FB1F400EB73D5 /* View */,
				702314841F1FB25D00EB73D5 /* Controller */,
			);
			path = "Swiggy-Assignment";
			sourceTree = "<group>";
		};
		7023145B1F1F8F1E00EB73D5 /* Swiggy-AssignmentTests */ = {
			isa = PBXGroup;
			children = (
				7023145C1F1F8F1E00EB73D5 /* Swiggy_AssignmentTests.swift */,
				7023145E1F1F8F1E00EB73D5 /* Info.plist */,
			);
			path = "Swiggy-AssignmentTests";
			sourceTree = "<group>";
		};
		702314661F1F8F1E00EB73D5 /* Swiggy-AssignmentUITests */ = {
			isa = PBXGroup;
			children = (
				702314671F1F8F1E00EB73D5 /* Swiggy_AssignmentUITests.swift */,
				702314691F1F8F1E00EB73D5 /* Info.plist */,
			);
			path = "Swiggy-AssignmentUITests";
			sourceTree = "<group>";
		};
		702314751F1F92FB00EB73D5 /* Model */ = {
			isa = PBXGroup;
			children = (
				702314871F1FB29B00EB73D5 /* ExcludedItem.swift */,
				702314881F1FB29B00EB73D5 /* VariantGroup.swift */,
				702314891F1FB29B00EB73D5 /* VariantList.swift */,
				7023148A1F1FB29B00EB73D5 /* Variants.swift */,
				7023148B1F1FB29B00EB73D5 /* Variation.swift */,
			);
			path = Model;
			sourceTree = "<group>";
		};
		702314821F1FB1F400EB73D5 /* View */ = {
			isa = PBXGroup;
			children = (
				702314931F1FB3D300EB73D5 /* VariantGroupHeader.xib */,
				702314911F1FB37400EB73D5 /* VariantGroupHeader.swift */,
				702314951F1FC6CC00EB73D5 /* VariationItemCell.swift */,
				702314961F1FC6CC00EB73D5 /* VariationItemCell.xib */,
			);
			path = View;
			sourceTree = "<group>";
		};
		702314841F1FB25D00EB73D5 /* Controller */ = {
			isa = PBXGroup;
			children = (
				702314851F1FB28400EB73D5 /* VariantsListViewController.swift */,
			);
			path = Controller;
			sourceTree = "<group>";
		};
		702314991F20E8ED00EB73D5 /* Toast */ = {
			isa = PBXGroup;
			children = (
				7023149B1F20E90700EB73D5 /* UIView+Toast.h */,
				7023149C1F20E90700EB73D5 /* UIView+Toast.m */,
				7023149A1F20E90600EB73D5 /* Swiggy-Assignment-Bridging-Header.h */,
			);
			path = Toast;
			sourceTree = "<group>";
		};
		7D3EC50C78DE5FC6D44A8668 /* Frameworks */ = {
			isa = PBXGroup;
			children = (
				2F897AC769393C9BD6131E4A /* Pods_Swiggy_Assignment.framework */,
				3A8791A2E7029D71A13F393B /* Pods_Swiggy_AssignmentTests.framework */,
				FC025382F7D0E06EE645C3CA /* Pods_Swiggy_AssignmentUITests.framework */,
			);
			name = Frameworks;
			sourceTree = "<group>";
		};
		9CD6FEF7A1C41E74E8C67F00 /* Pods */ = {
			isa = PBXGroup;
			children = (
				6BE20C7EF006C97CB32515C6 /* Pods-Swiggy-Assignment.debug.xcconfig */,
				89777AB5FC96C45B120D84C2 /* Pods-Swiggy-Assignment.release.xcconfig */,
				066902067BE5177F733138E9 /* Pods-Swiggy-AssignmentTests.debug.xcconfig */,
				1D1723BFA8BE4D0430F92308 /* Pods-Swiggy-AssignmentTests.release.xcconfig */,
				31B6E363CB7754452746B650 /* Pods-Swiggy-AssignmentUITests.debug.xcconfig */,
				610D14ACDC43C33829D8E16D /* Pods-Swiggy-AssignmentUITests.release.xcconfig */,
			);
			name = Pods;
			sourceTree = "<group>";
		};
/* End PBXGroup section */

/* Begin PBXNativeTarget section */
		702314431F1F8F1E00EB73D5 /* Swiggy-Assignment */ = {
			isa = PBXNativeTarget;
			buildConfigurationList = 7023146C1F1F8F1E00EB73D5 /* Build configuration list for PBXNativeTarget "Swiggy-Assignment" */;
			buildPhases = (
				521C7C61B40889E07740EC04 /* [CP] Check Pods Manifest.lock */,
				702314401F1F8F1E00EB73D5 /* Sources */,
				702314411F1F8F1E00EB73D5 /* Frameworks */,
				702314421F1F8F1E00EB73D5 /* Resources */,
				90866DB3C1277BF22822E371 /* [CP] Embed Pods Frameworks */,
				D6B34F1AA06C6C20FA0C3E9D /* [CP] Copy Pods Resources */,
			);
			buildRules = (
			);
			dependencies = (
			);
			name = "Swiggy-Assignment";
			productName = "Swiggy-Assignment";
			productReference = 702314441F1F8F1E00EB73D5 /* Swiggy-Assignment.app */;
			productType = "com.apple.product-type.application";
		};
		702314571F1F8F1E00EB73D5 /* Swiggy-AssignmentTests */ = {
			isa = PBXNativeTarget;
			buildConfigurationList = 7023146F1F1F8F1E00EB73D5 /* Build configuration list for PBXNativeTarget "Swiggy-AssignmentTests" */;
			buildPhases = (
				EC72E4B64B43885C5110F65D /* [CP] Check Pods Manifest.lock */,
				702314541F1F8F1E00EB73D5 /* Sources */,
				702314551F1F8F1E00EB73D5 /* Frameworks */,
				702314561F1F8F1E00EB73D5 /* Resources */,
				F3059EC526BCBCE0720672C4 /* [CP] Embed Pods Frameworks */,
				E63173630D329895B5BA4511 /* [CP] Copy Pods Resources */,
			);
			buildRules = (
			);
			dependencies = (
				7023145A1F1F8F1E00EB73D5 /* PBXTargetDependency */,
			);
			name = "Swiggy-AssignmentTests";
			productName = "Swiggy-AssignmentTests";
			productReference = 702314581F1F8F1E00EB73D5 /* Swiggy-AssignmentTests.xctest */;
			productType = "com.apple.product-type.bundle.unit-test";
		};
		702314621F1F8F1E00EB73D5 /* Swiggy-AssignmentUITests */ = {
			isa = PBXNativeTarget;
			buildConfigurationList = 702314721F1F8F1E00EB73D5 /* Build configuration list for PBXNativeTarget "Swiggy-AssignmentUITests" */;
			buildPhases = (
				9C7E234E97DDFDB257EB0762 /* [CP] Check Pods Manifest.lock */,
				7023145F1F1F8F1E00EB73D5 /* Sources */,
				702314601F1F8F1E00EB73D5 /* Frameworks */,
				702314611F1F8F1E00EB73D5 /* Resources */,
				05555B474F382326C22D0757 /* [CP] Embed Pods Frameworks */,
				F02634D78F30D24DBECC0726 /* [CP] Copy Pods Resources */,
			);
			buildRules = (
			);
			dependencies = (
				702314651F1F8F1E00EB73D5 /* PBXTargetDependency */,
			);
			name = "Swiggy-AssignmentUITests";
			productName = "Swiggy-AssignmentUITests";
			productReference = 702314631F1F8F1E00EB73D5 /* Swiggy-AssignmentUITests.xctest */;
			productType = "com.apple.product-type.bundle.ui-testing";
		};
/* End PBXNativeTarget section */

/* Begin PBXProject section */
		7023143C1F1F8F1E00EB73D5 /* Project object */ = {
			isa = PBXProject;
			attributes = {
				LastSwiftUpdateCheck = 0830;
				LastUpgradeCheck = 0830;
				ORGANIZATIONNAME = "Pavan Goyal";
				TargetAttributes = {
					702314431F1F8F1E00EB73D5 = {
						CreatedOnToolsVersion = 8.3.2;
						LastSwiftMigration = 0830;
						ProvisioningStyle = Automatic;
					};
					702314571F1F8F1E00EB73D5 = {
						CreatedOnToolsVersion = 8.3.2;
						DevelopmentTeam = CUPR9ZQ95N;
						ProvisioningStyle = Automatic;
						TestTargetID = 702314431F1F8F1E00EB73D5;
					};
					702314621F1F8F1E00EB73D5 = {
						CreatedOnToolsVersion = 8.3.2;
						DevelopmentTeam = CUPR9ZQ95N;
						ProvisioningStyle = Automatic;
						TestTargetID = 702314431F1F8F1E00EB73D5;
					};
				};
			};
			buildConfigurationList = 7023143F1F1F8F1E00EB73D5 /* Build configuration list for PBXProject "Swiggy-Assignment" */;
			compatibilityVersion = "Xcode 3.2";
			developmentRegion = English;
			hasScannedForEncodings = 0;
			knownRegions = (
				en,
				Base,
			);
			mainGroup = 7023143B1F1F8F1E00EB73D5;
			productRefGroup = 702314451F1F8F1E00EB73D5 /* Products */;
			projectDirPath = "";
			projectRoot = "";
			targets = (
				702314431F1F8F1E00EB73D5 /* Swiggy-Assignment */,
				702314571F1F8F1E00EB73D5 /* Swiggy-AssignmentTests */,
				702314621F1F8F1E00EB73D5 /* Swiggy-AssignmentUITests */,
			);
		};
/* End PBXProject section */

/* Begin PBXResourcesBuildPhase section */
		702314421F1F8F1E00EB73D5 /* Resources */ = {
			isa = PBXResourcesBuildPhase;
			buildActionMask = 2147483647;
			files = (
				702314521F1F8F1E00EB73D5 /* LaunchScreen.storyboard in Resources */,
				7023144F1F1F8F1E00EB73D5 /* Assets.xcassets in Resources */,
				702314941F1FB3D300EB73D5 /* VariantGroupHeader.xib in Resources */,
				702314981F1FC6CC00EB73D5 /* VariationItemCell.xib in Resources */,
				7023144D1F1F8F1E00EB73D5 /* Main.storyboard in Resources */,
			);
			runOnlyForDeploymentPostprocessing = 0;
		};
		702314561F1F8F1E00EB73D5 /* Resources */ = {
			isa = PBXResourcesBuildPhase;
			buildActionMask = 2147483647;
			files = (
			);
			runOnlyForDeploymentPostprocessing = 0;
		};
		702314611F1F8F1E00EB73D5 /* Resources */ = {
			isa = PBXResourcesBuildPhase;
			buildActionMask = 2147483647;
			files = (
			);
			runOnlyForDeploymentPostprocessing = 0;
		};
/* End PBXResourcesBuildPhase section */

/* Begin PBXShellScriptBuildPhase section */
		05555B474F382326C22D0757 /* [CP] Embed Pods Frameworks */ = {
			isa = PBXShellScriptBuildPhase;
			buildActionMask = 2147483647;
			files = (
			);
			inputPaths = (
			);
			name = "[CP] Embed Pods Frameworks";
			outputPaths = (
			);
			runOnlyForDeploymentPostprocessing = 0;
			shellPath = /bin/sh;
			shellScript = "\"${SRCROOT}/Pods/Target Support Files/Pods-Swiggy-AssignmentUITests/Pods-Swiggy-AssignmentUITests-frameworks.sh\"\n";
			showEnvVarsInLog = 0;
		};
		521C7C61B40889E07740EC04 /* [CP] Check Pods Manifest.lock */ = {
			isa = PBXShellScriptBuildPhase;
			buildActionMask = 2147483647;
			files = (
			);
			inputPaths = (
			);
			name = "[CP] Check Pods Manifest.lock";
			outputPaths = (
			);
			runOnlyForDeploymentPostprocessing = 0;
			shellPath = /bin/sh;
			shellScript = "diff \"${PODS_ROOT}/../Podfile.lock\" \"${PODS_ROOT}/Manifest.lock\" > /dev/null\nif [ $? != 0 ] ; then\n    # print error to STDERR\n    echo \"error: The sandbox is not in sync with the Podfile.lock. Run 'pod install' or update your CocoaPods installation.\" >&2\n    exit 1\nfi\n";
			showEnvVarsInLog = 0;
		};
		90866DB3C1277BF22822E371 /* [CP] Embed Pods Frameworks */ = {
			isa = PBXShellScriptBuildPhase;
			buildActionMask = 2147483647;
			files = (
			);
			inputPaths = (
			);
			name = "[CP] Embed Pods Frameworks";
			outputPaths = (
			);
			runOnlyForDeploymentPostprocessing = 0;
			shellPath = /bin/sh;
			shellScript = "\"${SRCROOT}/Pods/Target Support Files/Pods-Swiggy-Assignment/Pods-Swiggy-Assignment-frameworks.sh\"\n";
			showEnvVarsInLog = 0;
		};
		9C7E234E97DDFDB257EB0762 /* [CP] Check Pods Manifest.lock */ = {
			isa = PBXShellScriptBuildPhase;
			buildActionMask = 2147483647;
			files = (
			);
			inputPaths = (
			);
			name = "[CP] Check Pods Manifest.lock";
			outputPaths = (
			);
			runOnlyForDeploymentPostprocessing = 0;
			shellPath = /bin/sh;
			shellScript = "diff \"${PODS_ROOT}/../Podfile.lock\" \"${PODS_ROOT}/Manifest.lock\" > /dev/null\nif [ $? != 0 ] ; then\n    # print error to STDERR\n    echo \"error: The sandbox is not in sync with the Podfile.lock. Run 'pod install' or update your CocoaPods installation.\" >&2\n    exit 1\nfi\n";
			showEnvVarsInLog = 0;
		};
		D6B34F1AA06C6C20FA0C3E9D /* [CP] Copy Pods Resources */ = {
			isa = PBXShellScriptBuildPhase;
			buildActionMask = 2147483647;
			files = (
			);
			inputPaths = (
			);
			name = "[CP] Copy Pods Resources";
			outputPaths = (
			);
			runOnlyForDeploymentPostprocessing = 0;
			shellPath = /bin/sh;
			shellScript = "\"${SRCROOT}/Pods/Target Support Files/Pods-Swiggy-Assignment/Pods-Swiggy-Assignment-resources.sh\"\n";
			showEnvVarsInLog = 0;
		};
		E63173630D329895B5BA4511 /* [CP] Copy Pods Resources */ = {
			isa = PBXShellScriptBuildPhase;
			buildActionMask = 2147483647;
			files = (
			);
			inputPaths = (
			);
			name = "[CP] Copy Pods Resources";
			outputPaths = (
			);
			runOnlyForDeploymentPostprocessing = 0;
			shellPath = /bin/sh;
			shellScript = "\"${SRCROOT}/Pods/Target Support Files/Pods-Swiggy-AssignmentTests/Pods-Swiggy-AssignmentTests-resources.sh\"\n";
			showEnvVarsInLog = 0;
		};
		EC72E4B64B43885C5110F65D /* [CP] Check Pods Manifest.lock */ = {
			isa = PBXShellScriptBuildPhase;
			buildActionMask = 2147483647;
			files = (
			);
			inputPaths = (
			);
			name = "[CP] Check Pods Manifest.lock";
			outputPaths = (
			);
			runOnlyForDeploymentPostprocessing = 0;
			shellPath = /bin/sh;
			shellScript = "diff \"${PODS_ROOT}/../Podfile.lock\" \"${PODS_ROOT}/Manifest.lock\" > /dev/null\nif [ $? != 0 ] ; then\n    # print error to STDERR\n    echo \"error: The sandbox is not in sync with the Podfile.lock. Run 'pod install' or update your CocoaPods installation.\" >&2\n    exit 1\nfi\n";
			showEnvVarsInLog = 0;
		};
		F02634D78F30D24DBECC0726 /* [CP] Copy Pods Resources */ = {
			isa = PBXShellScriptBuildPhase;
			buildActionMask = 2147483647;
			files = (
			);
			inputPaths = (
			);
			name = "[CP] Copy Pods Resources";
			outputPaths = (
			);
			runOnlyForDeploymentPostprocessing = 0;
			shellPath = /bin/sh;
			shellScript = "\"${SRCROOT}/Pods/Target Support Files/Pods-Swiggy-AssignmentUITests/Pods-Swiggy-AssignmentUITests-resources.sh\"\n";
			showEnvVarsInLog = 0;
		};
		F3059EC526BCBCE0720672C4 /* [CP] Embed Pods Frameworks */ = {
			isa = PBXShellScriptBuildPhase;
			buildActionMask = 2147483647;
			files = (
			);
			inputPaths = (
			);
			name = "[CP] Embed Pods Frameworks";
			outputPaths = (
			);
			runOnlyForDeploymentPostprocessing = 0;
			shellPath = /bin/sh;
			shellScript = "\"${SRCROOT}/Pods/Target Support Files/Pods-Swiggy-AssignmentTests/Pods-Swiggy-AssignmentTests-frameworks.sh\"\n";
			showEnvVarsInLog = 0;
		};
/* End PBXShellScriptBuildPhase section */

/* Begin PBXSourcesBuildPhase section */
		702314401F1F8F1E00EB73D5 /* Sources */ = {
			isa = PBXSourcesBuildPhase;
			buildActionMask = 2147483647;
			files = (
				702314861F1FB28400EB73D5 /* VariantsListViewController.swift in Sources */,
				7023148F1F1FB29B00EB73D5 /* Variants.swift in Sources */,
				7023148C1F1FB29B00EB73D5 /* ExcludedItem.swift in Sources */,
				702314481F1F8F1E00EB73D5 /* AppDelegate.swift in Sources */,
				7023148D1F1FB29B00EB73D5 /* VariantGroup.swift in Sources */,
				7023148E1F1FB29B00EB73D5 /* VariantList.swift in Sources */,
				702314921F1FB37400EB73D5 /* VariantGroupHeader.swift in Sources */,
				702314971F1FC6CC00EB73D5 /* VariationItemCell.swift in Sources */,
				7023149D1F20E90700EB73D5 /* UIView+Toast.m in Sources */,
				702314901F1FB29B00EB73D5 /* Variation.swift in Sources */,
			);
			runOnlyForDeploymentPostprocessing = 0;
		};
		702314541F1F8F1E00EB73D5 /* Sources */ = {
			isa = PBXSourcesBuildPhase;
			buildActionMask = 2147483647;
			files = (
				7023145D1F1F8F1E00EB73D5 /* Swiggy_AssignmentTests.swift in Sources */,
			);
			runOnlyForDeploymentPostprocessing = 0;
		};
		7023145F1F1F8F1E00EB73D5 /* Sources */ = {
			isa = PBXSourcesBuildPhase;
			buildActionMask = 2147483647;
			files = (
				702314681F1F8F1E00EB73D5 /* Swiggy_AssignmentUITests.swift in Sources */,
			);
			runOnlyForDeploymentPostprocessing = 0;
		};
/* End PBXSourcesBuildPhase section */

/* Begin PBXTargetDependency section */
		7023145A1F1F8F1E00EB73D5 /* PBXTargetDependency */ = {
			isa = PBXTargetDependency;
			target = 702314431F1F8F1E00EB73D5 /* Swiggy-Assignment */;
			targetProxy = 702314591F1F8F1E00EB73D5 /* PBXContainerItemProxy */;
		};
		702314651F1F8F1E00EB73D5 /* PBXTargetDependency */ = {
			isa = PBXTargetDependency;
			target = 702314431F1F8F1E00EB73D5 /* Swiggy-Assignment */;
			targetProxy = 702314641F1F8F1E00EB73D5 /* PBXContainerItemProxy */;
		};
/* End PBXTargetDependency section */

/* Begin PBXVariantGroup section */
		7023144B1F1F8F1E00EB73D5 /* Main.storyboard */ = {
			isa = PBXVariantGroup;
			children = (
				7023144C1F1F8F1E00EB73D5 /* Base */,
			);
			name = Main.storyboard;
			sourceTree = "<group>";
		};
		702314501F1F8F1E00EB73D5 /* LaunchScreen.storyboard */ = {
			isa = PBXVariantGroup;
			children = (
				702314511F1F8F1E00EB73D5 /* Base */,
			);
			name = LaunchScreen.storyboard;
			sourceTree = "<group>";
		};
/* End PBXVariantGroup section */

/* Begin XCBuildConfiguration section */
		7023146A1F1F8F1E00EB73D5 /* Debug */ = {
			isa = XCBuildConfiguration;
			buildSettings = {
				ALWAYS_SEARCH_USER_PATHS = NO;
				CLANG_ANALYZER_NONNULL = YES;
				CLANG_ANALYZER_NUMBER_OBJECT_CONVERSION = YES_AGGRESSIVE;
				CLANG_CXX_LANGUAGE_STANDARD = "gnu++0x";
				CLANG_CXX_LIBRARY = "libc++";
				CLANG_ENABLE_MODULES = YES;
				CLANG_ENABLE_OBJC_ARC = YES;
				CLANG_WARN_BOOL_CONVERSION = YES;
				CLANG_WARN_CONSTANT_CONVERSION = YES;
				CLANG_WARN_DIRECT_OBJC_ISA_USAGE = YES_ERROR;
				CLANG_WARN_DOCUMENTATION_COMMENTS = YES;
				CLANG_WARN_EMPTY_BODY = YES;
				CLANG_WARN_ENUM_CONVERSION = YES;
				CLANG_WARN_INFINITE_RECURSION = YES;
				CLANG_WARN_INT_CONVERSION = YES;
				CLANG_WARN_OBJC_ROOT_CLASS = YES_ERROR;
				CLANG_WARN_SUSPICIOUS_MOVE = YES;
				CLANG_WARN_UNREACHABLE_CODE = YES;
				CLANG_WARN__DUPLICATE_METHOD_MATCH = YES;
				"CODE_SIGN_IDENTITY[sdk=iphoneos*]" = "iPhone Developer";
				COPY_PHASE_STRIP = NO;
				DEBUG_INFORMATION_FORMAT = dwarf;
				ENABLE_STRICT_OBJC_MSGSEND = YES;
				ENABLE_TESTABILITY = YES;
				GCC_C_LANGUAGE_STANDARD = gnu99;
				GCC_DYNAMIC_NO_PIC = NO;
				GCC_NO_COMMON_BLOCKS = YES;
				GCC_OPTIMIZATION_LEVEL = 0;
				GCC_PREPROCESSOR_DEFINITIONS = (
					"DEBUG=1",
					"$(inherited)",
				);
				GCC_WARN_64_TO_32_BIT_CONVERSION = YES;
				GCC_WARN_ABOUT_RETURN_TYPE = YES_ERROR;
				GCC_WARN_UNDECLARED_SELECTOR = YES;
				GCC_WARN_UNINITIALIZED_AUTOS = YES_AGGRESSIVE;
				GCC_WARN_UNUSED_FUNCTION = YES;
				GCC_WARN_UNUSED_VARIABLE = YES;
				IPHONEOS_DEPLOYMENT_TARGET = 10.3;
				MTL_ENABLE_DEBUG_INFO = YES;
				ONLY_ACTIVE_ARCH = YES;
				SDKROOT = iphoneos;
				SWIFT_ACTIVE_COMPILATION_CONDITIONS = DEBUG;
				SWIFT_OPTIMIZATION_LEVEL = "-Onone";
			};
			name = Debug;
		};
		7023146B1F1F8F1E00EB73D5 /* Release */ = {
			isa = XCBuildConfiguration;
			buildSettings = {
				ALWAYS_SEARCH_USER_PATHS = NO;
				CLANG_ANALYZER_NONNULL = YES;
				CLANG_ANALYZER_NUMBER_OBJECT_CONVERSION = YES_AGGRESSIVE;
				CLANG_CXX_LANGUAGE_STANDARD = "gnu++0x";
				CLANG_CXX_LIBRARY = "libc++";
				CLANG_ENABLE_MODULES = YES;
				CLANG_ENABLE_OBJC_ARC = YES;
				CLANG_WARN_BOOL_CONVERSION = YES;
				CLANG_WARN_CONSTANT_CONVERSION = YES;
				CLANG_WARN_DIRECT_OBJC_ISA_USAGE = YES_ERROR;
				CLANG_WARN_DOCUMENTATION_COMMENTS = YES;
				CLANG_WARN_EMPTY_BODY = YES;
				CLANG_WARN_ENUM_CONVERSION = YES;
				CLANG_WARN_INFINITE_RECURSION = YES;
				CLANG_WARN_INT_CONVERSION = YES;
				CLANG_WARN_OBJC_ROOT_CLASS = YES_ERROR;
				CLANG_WARN_SUSPICIOUS_MOVE = YES;
				CLANG_WARN_UNREACHABLE_CODE = YES;
				CLANG_WARN__DUPLICATE_METHOD_MATCH = YES;
				"CODE_SIGN_IDENTITY[sdk=iphoneos*]" = "iPhone Developer";
				COPY_PHASE_STRIP = NO;
				DEBUG_INFORMATION_FORMAT = "dwarf-with-dsym";
				ENABLE_NS_ASSERTIONS = NO;
				ENABLE_STRICT_OBJC_MSGSEND = YES;
				GCC_C_LANGUAGE_STANDARD = gnu99;
				GCC_NO_COMMON_BLOCKS = YES;
				GCC_WARN_64_TO_32_BIT_CONVERSION = YES;
				GCC_WARN_ABOUT_RETURN_TYPE = YES_ERROR;
				GCC_WARN_UNDECLARED_SELECTOR = YES;
				GCC_WARN_UNINITIALIZED_AUTOS = YES_AGGRESSIVE;
				GCC_WARN_UNUSED_FUNCTION = YES;
				GCC_WARN_UNUSED_VARIABLE = YES;
				IPHONEOS_DEPLOYMENT_TARGET = 10.3;
				MTL_ENABLE_DEBUG_INFO = NO;
				SDKROOT = iphoneos;
				SWIFT_OPTIMIZATION_LEVEL = "-Owholemodule";
				VALIDATE_PRODUCT = YES;
			};
			name = Release;
		};
		7023146D1F1F8F1E00EB73D5 /* Debug */ = {
			isa = XCBuildConfiguration;
			baseConfigurationReference = 6BE20C7EF006C97CB32515C6 /* Pods-Swiggy-Assignment.debug.xcconfig */;
			buildSettings = {
				ASSETCATALOG_COMPILER_APPICON_NAME = AppIcon;
				CLANG_ENABLE_MODULES = YES;
				DEVELOPMENT_TEAM = "";
				INFOPLIST_FILE = "Swiggy-Assignment/Info.plist";
				LD_RUNPATH_SEARCH_PATHS = "$(inherited) @executable_path/Frameworks";
				PRODUCT_BUNDLE_IDENTIFIER = "com.til.swift.Swiggy-Assignment";
				PRODUCT_NAME = "$(TARGET_NAME)";
				SWIFT_OBJC_BRIDGING_HEADER = "Swiggy-Assignment/Toast/Swiggy-Assignment-Bridging-Header.h";
				SWIFT_OPTIMIZATION_LEVEL = "-Onone";
				SWIFT_VERSION = 3.0;
			};
			name = Debug;
		};
		7023146E1F1F8F1E00EB73D5 /* Release */ = {
			isa = XCBuildConfiguration;
			baseConfigurationReference = 89777AB5FC96C45B120D84C2 /* Pods-Swiggy-Assignment.release.xcconfig */;
			buildSettings = {
				ASSETCATALOG_COMPILER_APPICON_NAME = AppIcon;
				CLANG_ENABLE_MODULES = YES;
				DEVELOPMENT_TEAM = "";
				INFOPLIST_FILE = "Swiggy-Assignment/Info.plist";
				LD_RUNPATH_SEARCH_PATHS = "$(inherited) @executable_path/Frameworks";
				PRODUCT_BUNDLE_IDENTIFIER = "com.til.swift.Swiggy-Assignment";
				PRODUCT_NAME = "$(TARGET_NAME)";
				SWIFT_OBJC_BRIDGING_HEADER = "Swiggy-Assignment/Toast/Swiggy-Assignment-Bridging-Header.h";
				SWIFT_VERSION = 3.0;
			};
			name = Release;
		};
		702314701F1F8F1E00EB73D5 /* Debug */ = {
			isa = XCBuildConfiguration;
			baseConfigurationReference = 066902067BE5177F733138E9 /* Pods-Swiggy-AssignmentTests.debug.xcconfig */;
			buildSettings = {
				ALWAYS_EMBED_SWIFT_STANDARD_LIBRARIES = YES;
				BUNDLE_LOADER = "$(TEST_HOST)";
				DEVELOPMENT_TEAM = CUPR9ZQ95N;
				INFOPLIST_FILE = "Swiggy-AssignmentTests/Info.plist";
				LD_RUNPATH_SEARCH_PATHS = "$(inherited) @executable_path/Frameworks @loader_path/Frameworks";
				PRODUCT_BUNDLE_IDENTIFIER = "com.til.swift.Swiggy-AssignmentTests";
				PRODUCT_NAME = "$(TARGET_NAME)";
				SWIFT_VERSION = 3.0;
				TEST_HOST = "$(BUILT_PRODUCTS_DIR)/Swiggy-Assignment.app/Swiggy-Assignment";
			};
			name = Debug;
		};
		702314711F1F8F1E00EB73D5 /* Release */ = {
			isa = XCBuildConfiguration;
			baseConfigurationReference = 1D1723BFA8BE4D0430F92308 /* Pods-Swiggy-AssignmentTests.release.xcconfig */;
			buildSettings = {
				ALWAYS_EMBED_SWIFT_STANDARD_LIBRARIES = YES;
				BUNDLE_LOADER = "$(TEST_HOST)";
				DEVELOPMENT_TEAM = CUPR9ZQ95N;
				INFOPLIST_FILE = "Swiggy-AssignmentTests/Info.plist";
				LD_RUNPATH_SEARCH_PATHS = "$(inherited) @executable_path/Frameworks @loader_path/Frameworks";
				PRODUCT_BUNDLE_IDENTIFIER = "com.til.swift.Swiggy-AssignmentTests";
				PRODUCT_NAME = "$(TARGET_NAME)";
				SWIFT_VERSION = 3.0;
				TEST_HOST = "$(BUILT_PRODUCTS_DIR)/Swiggy-Assignment.app/Swiggy-Assignment";
			};
			name = Release;
		};
		702314731F1F8F1E00EB73D5 /* Debug */ = {
			isa = XCBuildConfiguration;
			baseConfigurationReference = 31B6E363CB7754452746B650 /* Pods-Swiggy-AssignmentUITests.debug.xcconfig */;
			buildSettings = {
				ALWAYS_EMBED_SWIFT_STANDARD_LIBRARIES = YES;
				DEVELOPMENT_TEAM = CUPR9ZQ95N;
				INFOPLIST_FILE = "Swiggy-AssignmentUITests/Info.plist";
				LD_RUNPATH_SEARCH_PATHS = "$(inherited) @executable_path/Frameworks @loader_path/Frameworks";
				PRODUCT_BUNDLE_IDENTIFIER = "com.til.swift.Swiggy-AssignmentUITests";
				PRODUCT_NAME = "$(TARGET_NAME)";
				SWIFT_VERSION = 3.0;
				TEST_TARGET_NAME = "Swiggy-Assignment";
			};
			name = Debug;
		};
		702314741F1F8F1E00EB73D5 /* Release */ = {
			isa = XCBuildConfiguration;
			baseConfigurationReference = 610D14ACDC43C33829D8E16D /* Pods-Swiggy-AssignmentUITests.release.xcconfig */;
			buildSettings = {
				ALWAYS_EMBED_SWIFT_STANDARD_LIBRARIES = YES;
				DEVELOPMENT_TEAM = CUPR9ZQ95N;
				INFOPLIST_FILE = "Swiggy-AssignmentUITests/Info.plist";
				LD_RUNPATH_SEARCH_PATHS = "$(inherited) @executable_path/Frameworks @loader_path/Frameworks";
				PRODUCT_BUNDLE_IDENTIFIER = "com.til.swift.Swiggy-AssignmentUITests";
				PRODUCT_NAME = "$(TARGET_NAME)";
				SWIFT_VERSION = 3.0;
				TEST_TARGET_NAME = "Swiggy-Assignment";
			};
			name = Release;
		};
/* End XCBuildConfiguration section */

/* Begin XCConfigurationList section */
		7023143F1F1F8F1E00EB73D5 /* Build configuration list for PBXProject "Swiggy-Assignment" */ = {
			isa = XCConfigurationList;
			buildConfigurations = (
				7023146A1F1F8F1E00EB73D5 /* Debug */,
				7023146B1F1F8F1E00EB73D5 /* Release */,
			);
			defaultConfigurationIsVisible = 0;
			defaultConfigurationName = Release;
		};
		7023146C1F1F8F1E00EB73D5 /* Build configuration list for PBXNativeTarget "Swiggy-Assignment" */ = {
			isa = XCConfigurationList;
			buildConfigurations = (
				7023146D1F1F8F1E00EB73D5 /* Debug */,
				7023146E1F1F8F1E00EB73D5 /* Release */,
			);
			defaultConfigurationIsVisible = 0;
			defaultConfigurationName = Release;
		};
		7023146F1F1F8F1E00EB73D5 /* Build configuration list for PBXNativeTarget "Swiggy-AssignmentTests" */ = {
			isa = XCConfigurationList;
			buildConfigurations = (
				702314701F1F8F1E00EB73D5 /* Debug */,
				702314711F1F8F1E00EB73D5 /* Release */,
			);
			defaultConfigurationIsVisible = 0;
			defaultConfigurationName = Release;
		};
		702314721F1F8F1E00EB73D5 /* Build configuration list for PBXNativeTarget "Swiggy-AssignmentUITests" */ = {
			isa = XCConfigurationList;
			buildConfigurations = (
				702314731F1F8F1E00EB73D5 /* Debug */,
				702314741F1F8F1E00EB73D5 /* Release */,
			);
			defaultConfigurationIsVisible = 0;
			defaultConfigurationName = Release;
		};
/* End XCConfigurationList section */
	};
	rootObject = 7023143C1F1F8F1E00EB73D5 /* Project object */;
}
