// !$*UTF8*$!
{
	archiveVersion = 1;
	classes = {
	};
	objectVersion = 46;
	objects = {

/* Begin PBXBuildFile section */
		702314481F1F8F1E00EB73D5 /* AppDelegate.swift in Sources */ = {isa = PBXBuildFile; fileRef = 702314471F1F8F1E00EB73D5 /* AppDelegate.swift */; };
		7023144A1F1F8F1E00EB73D5 /* VariantsListViewController.swift in Sources */ = {isa = PBXBuildFile; fileRef = 702314491F1F8F1E00EB73D5 /* VariantsListViewController.swift */; };
		7023144D1F1F8F1E00EB73D5 /* Main.storyboard in Resources */ = {isa = PBXBuildFile; fileRef = 7023144B1F1F8F1E00EB73D5 /* Main.storyboard */; };
		7023144F1F1F8F1E00EB73D5 /* Assets.xcassets in Resources */ = {isa = PBXBuildFile; fileRef = 7023144E1F1F8F1E00EB73D5 /* Assets.xcassets */; };
		702314521F1F8F1E00EB73D5 /* LaunchScreen.storyboard in Resources */ = {isa = PBXBuildFile; fileRef = 702314501F1F8F1E00EB73D5 /* LaunchScreen.storyboard */; };
		7023145D1F1F8F1E00EB73D5 /* Swiggy_AssignmentTests.swift in Sources */ = {isa = PBXBuildFile; fileRef = 7023145C1F1F8F1E00EB73D5 /* Swiggy_AssignmentTests.swift */; };
		702314681F1F8F1E00EB73D5 /* Swiggy_AssignmentUITests.swift in Sources */ = {isa = PBXBuildFile; fileRef = 702314671F1F8F1E00EB73D5 /* Swiggy_AssignmentUITests.swift */; };
/* End PBXBuildFile section */

/* Begin PBXContainerItemProxy section */
		702314591F1F8F1E00EB73D5 /* PBXContainerItemProxy */ = {
			isa = PBXContainerItemProxy;
			containerPortal = 7023143C1F1F8F1E00EB73D5 /* Project object */;
			proxyType = 1;
			remoteGlobalIDString = 702314431F1F8F1E00EB73D5;
			remoteInfo = "Swiggy-Assignment";
		};
		702314641F1F8F1E00EB73D5 /* PBXContainerItemProxy */ = {
			isa = PBXContainerItemProxy;
			containerPortal = 7023143C1F1F8F1E00EB73D5 /* Project object */;
			proxyType = 1;
			remoteGlobalIDString = 702314431F1F8F1E00EB73D5;
			remoteInfo = "Swiggy-Assignment";
		};
/* End PBXContainerItemProxy section */

/* Begin PBXFileReference section */
		702314441F1F8F1E00EB73D5 /* Swiggy-Assignment.app */ = {isa = PBXFileReference; explicitFileType = wrapper.application; includeInIndex = 0; path = "Swiggy-Assignment.app"; sourceTree = BUILT_PRODUCTS_DIR; };
		702314471F1F8F1E00EB73D5 /* AppDelegate.swift */ = {isa = PBXFileReference; lastKnownFileType = sourcecode.swift; path = AppDelegate.swift; sourceTree = "<group>"; };
		702314491F1F8F1E00EB73D5 /* VariantsListViewController.swift */ = {isa = PBXFileReference; lastKnownFileType = sourcecode.swift; path = VariantsListViewController.swift; sourceTree = "<group>"; };
		7023144C1F1F8F1E00EB73D5 /* Base */ = {isa = PBXFileReference; lastKnownFileType = file.storyboard; name = Base; path = Base.lproj/Main.storyboard; sourceTree = "<group>"; };
		7023144E1F1F8F1E00EB73D5 /* Assets.xcassets */ = {isa = PBXFileReference; lastKnownFileType = folder.assetcatalog; path = Assets.xcassets; sourceTree = "<group>"; };
		702314511F1F8F1E00EB73D5 /* Base */ = {isa = PBXFileReference; lastKnownFileType = file.storyboard; name = Base; path = Base.lproj/LaunchScreen.storyboard; sourceTree = "<group>"; };
		702314531F1F8F1E00EB73D5 /* Info.plist */ = {isa = PBXFileReference; lastKnownFileType = text.plist.xml; path = Info.plist; sourceTree = "<group>"; };
		702314581F1F8F1E00EB73D5 /* Swiggy-AssignmentTests.xctest */ = {isa = PBXFileReference; explicitFileType = wrapper.cfbundle; includeInIndex = 0; path = "Swiggy-AssignmentTests.xctest"; sourceTree = BUILT_PRODUCTS_DIR; };
		7023145C1F1F8F1E00EB73D5 /* Swiggy_AssignmentTests.swift */ = {isa = PBXFileReference; lastKnownFileType = sourcecode.swift; path = Swiggy_AssignmentTests.swift; sourceTree = "<group>"; };
		7023145E1F1F8F1E00EB73D5 /* Info.plist */ = {isa = PBXFileReference; lastKnownFileType = text.plist.xml; path = Info.plist; sourceTree = "<group>"; };
		702314631F1F8F1E00EB73D5 /* Swiggy-AssignmentUITests.xctest */ = {isa = PBXFileReference; explicitFileType = wrapper.cfbundle; includeInIndex = 0; path = "Swiggy-AssignmentUITests.xctest"; sourceTree = BUILT_PRODUCTS_DIR; };
		702314671F1F8F1E00EB73D5 /* Swiggy_AssignmentUITests.swift */ = {isa = PBXFileReference; lastKnownFileType = sourcecode.swift; path = Swiggy_AssignmentUITests.swift; sourceTree = "<group>"; };
		702314691F1F8F1E00EB73D5 /* Info.plist */ = {isa = PBXFileReference; lastKnownFileType = text.plist.xml; path = Info.plist; sourceTree = "<group>"; };
/* End PBXFileReference section */

/* Begin PBXFrameworksBuildPhase section */
		702314411F1F8F1E00EB73D5 /* Frameworks */ = {
			isa = PBXFrameworksBuildPhase;
			buildActionMask = 2147483647;
			files = (
			);
			runOnlyForDeploymentPostprocessing = 0;
		};
		702314551F1F8F1E00EB73D5 /* Frameworks */ = {
			isa = PBXFrameworksBuildPhase;
			buildActionMask = 2147483647;
			files = (
			);
			runOnlyForDeploymentPostprocessing = 0;
		};
		702314601F1F8F1E00EB73D5 /* Frameworks */ = {
			isa = PBXFrameworksBuildPhase;
			buildActionMask = 2147483647;
			files = (
			);
			runOnlyForDeploymentPostprocessing = 0;
		};
/* End PBXFrameworksBuildPhase section */

/* Begin PBXGroup section */
		7023143B1F1F8F1E00EB73D5 = {
			isa = PBXGroup;
			children = (
				702314461F1F8F1E00EB73D5 /* Swiggy-Assignment */,
				7023145B1F1F8F1E00EB73D5 /* Swiggy-AssignmentTests */,
				702314661F1F8F1E00EB73D5 /* Swiggy-AssignmentUITests */,
				702314451F1F8F1E00EB73D5 /* Products */,
			);
			sourceTree = "<group>";
		};
		702314451F1F8F1E00EB73D5 /* Products */ = {
			isa = PBXGroup;
			children = (
				702314441F1F8F1E00EB73D5 /* Swiggy-Assignment.app */,
				702314581F1F8F1E00EB73D5 /* Swiggy-AssignmentTests.xctest */,
				702314631F1F8F1E00EB73D5 /* Swiggy-AssignmentUITests.xctest */,
			);
			name = Products;
			sourceTree = "<group>";
		};
		702314461F1F8F1E00EB73D5 /* Swiggy-Assignment */ = {
			isa = PBXGroup;
			children = (
				702314471F1F8F1E00EB73D5 /* AppDelegate.swift */,
				702314491F1F8F1E00EB73D5 /* VariantsListViewController.swift */,
				7023144B1F1F8F1E00EB73D5 /* Main.storyboard */,
				7023144E1F1F8F1E00EB73D5 /* Assets.xcassets */,
				702314501F1F8F1E00EB73D5 /* LaunchScreen.storyboard */,
				702314531F1F8F1E00EB73D5 /* Info.plist */,
			);
			path = "Swiggy-Assignment";
			sourceTree = "<group>";
		};
		7023145B1F1F8F1E00EB73D5 /* Swiggy-AssignmentTests */ = {
			isa = PBXGroup;
			children = (
				7023145C1F1F8F1E00EB73D5 /* Swiggy_AssignmentTests.swift */,
				7023145E1F1F8F1E00EB73D5 /* Info.plist */,
			);
			path = "Swiggy-AssignmentTests";
			sourceTree = "<group>";
		};
		702314661F1F8F1E00EB73D5 /* Swiggy-AssignmentUITests */ = {
			isa = PBXGroup;
			children = (
				702314671F1F8F1E00EB73D5 /* Swiggy_AssignmentUITests.swift */,
				702314691F1F8F1E00EB73D5 /* Info.plist */,
			);
			path = "Swiggy-AssignmentUITests";
			sourceTree = "<group>";
		};
/* End PBXGroup section */

/* Begin PBXNativeTarget section */
		702314431F1F8F1E00EB73D5 /* Swiggy-Assignment */ = {
			isa = PBXNativeTarget;
			buildConfigurationList = 7023146C1F1F8F1E00EB73D5 /* Build configuration list for PBXNativeTarget "Swiggy-Assignment" */;
			buildPhases = (
				702314401F1F8F1E00EB73D5 /* Sources */,
				702314411F1F8F1E00EB73D5 /* Frameworks */,
				702314421F1F8F1E00EB73D5 /* Resources */,
			);
			buildRules = (
			);
			dependencies = (
			);
			name = "Swiggy-Assignment";
			productName = "Swiggy-Assignment";
			productReference = 702314441F1F8F1E00EB73D5 /* Swiggy-Assignment.app */;
			productType = "com.apple.product-type.application";
		};
		702314571F1F8F1E00EB73D5 /* Swiggy-AssignmentTests */ = {
			isa = PBXNativeTarget;
			buildConfigurationList = 7023146F1F1F8F1E00EB73D5 /* Build configuration list for PBXNativeTarget "Swiggy-AssignmentTests" */;
			buildPhases = (
				702314541F1F8F1E00EB73D5 /* Sources */,
				702314551F1F8F1E00EB73D5 /* Frameworks */,
				702314561F1F8F1E00EB73D5 /* Resources */,
			);
			buildRules = (
			);
			dependencies = (
				7023145A1F1F8F1E00EB73D5 /* PBXTargetDependency */,
			);
			name = "Swiggy-AssignmentTests";
			productName = "Swiggy-AssignmentTests";
			productReference = 702314581F1F8F1E00EB73D5 /* Swiggy-AssignmentTests.xctest */;
			productType = "com.apple.product-type.bundle.unit-test";
		};
		702314621F1F8F1E00EB73D5 /* Swiggy-AssignmentUITests */ = {
			isa = PBXNativeTarget;
			buildConfigurationList = 702314721F1F8F1E00EB73D5 /* Build configuration list for PBXNativeTarget "Swiggy-AssignmentUITests" */;
			buildPhases = (
				7023145F1F1F8F1E00EB73D5 /* Sources */,
				702314601F1F8F1E00EB73D5 /* Frameworks */,
				702314611F1F8F1E00EB73D5 /* Resources */,
			);
			buildRules = (
			);
			dependencies = (
				702314651F1F8F1E00EB73D5 /* PBXTargetDependency */,
			);
			name = "Swiggy-AssignmentUITests";
			productName = "Swiggy-AssignmentUITests";
			productReference = 702314631F1F8F1E00EB73D5 /* Swiggy-AssignmentUITests.xctest */;
			productType = "com.apple.product-type.bundle.ui-testing";
		};
/* End PBXNativeTarget section */

/* Begin PBXProject section */
		7023143C1F1F8F1E00EB73D5 /* Project object */ = {
			isa = PBXProject;
			attributes = {
				LastSwiftUpdateCheck = 0830;
				LastUpgradeCheck = 0830;
				ORGANIZATIONNAME = "Pavan Goyal";
				TargetAttributes = {
					702314431F1F8F1E00EB73D5 = {
						CreatedOnToolsVersion = 8.3.2;
						ProvisioningStyle = Automatic;
					};
					702314571F1F8F1E00EB73D5 = {
						CreatedOnToolsVersion = 8.3.2;
						DevelopmentTeam = CUPR9ZQ95N;
						ProvisioningStyle = Automatic;
						TestTargetID = 702314431F1F8F1E00EB73D5;
					};
					702314621F1F8F1E00EB73D5 = {
						CreatedOnToolsVersion = 8.3.2;
						DevelopmentTeam = CUPR9ZQ95N;
						ProvisioningStyle = Automatic;
						TestTargetID = 702314431F1F8F1E00EB73D5;
					};
				};
			};
			buildConfigurationList = 7023143F1F1F8F1E00EB73D5 /* Build configuration list for PBXProject "Swiggy-Assignment" */;
			compatibilityVersion = "Xcode 3.2";
			developmentRegion = English;
			hasScannedForEncodings = 0;
			knownRegions = (
				en,
				Base,
			);
			mainGroup = 7023143B1F1F8F1E00EB73D5;
			productRefGroup = 702314451F1F8F1E00EB73D5 /* Products */;
			projectDirPath = "";
			projectRoot = "";
			targets = (
				702314431F1F8F1E00EB73D5 /* Swiggy-Assignment */,
				702314571F1F8F1E00EB73D5 /* Swiggy-AssignmentTests */,
				702314621F1F8F1E00EB73D5 /* Swiggy-AssignmentUITests */,
			);
		};
/* End PBXProject section */

/* Begin PBXResourcesBuildPhase section */
		702314421F1F8F1E00EB73D5 /* Resources */ = {
			isa = PBXResourcesBuildPhase;
			buildActionMask = 2147483647;
			files = (
				702314521F1F8F1E00EB73D5 /* LaunchScreen.storyboard in Resources */,
				7023144F1F1F8F1E00EB73D5 /* Assets.xcassets in Resources */,
				7023144D1F1F8F1E00EB73D5 /* Main.storyboard in Resources */,
			);
			runOnlyForDeploymentPostprocessing = 0;
		};
		702314561F1F8F1E00EB73D5 /* Resources */ = {
			isa = PBXResourcesBuildPhase;
			buildActionMask = 2147483647;
			files = (
			);
			runOnlyForDeploymentPostprocessing = 0;
		};
		702314611F1F8F1E00EB73D5 /* Resources */ = {
			isa = PBXResourcesBuildPhase;
			buildActionMask = 2147483647;
			files = (
			);
			runOnlyForDeploymentPostprocessing = 0;
		};
/* End PBXResourcesBuildPhase section */

/* Begin PBXSourcesBuildPhase section */
		702314401F1F8F1E00EB73D5 /* Sources */ = {
			isa = PBXSourcesBuildPhase;
			buildActionMask = 2147483647;
			files = (
				7023144A1F1F8F1E00EB73D5 /* VariantsListViewController.swift in Sources */,
				702314481F1F8F1E00EB73D5 /* AppDelegate.swift in Sources */,
			);
			runOnlyForDeploymentPostprocessing = 0;
		};
		702314541F1F8F1E00EB73D5 /* Sources */ = {
			isa = PBXSourcesBuildPhase;
			buildActionMask = 2147483647;
			files = (
				7023145D1F1F8F1E00EB73D5 /* Swiggy_AssignmentTests.swift in Sources */,
			);
			runOnlyForDeploymentPostprocessing = 0;
		};
		7023145F1F1F8F1E00EB73D5 /* Sources */ = {
			isa = PBXSourcesBuildPhase;
			buildActionMask = 2147483647;
			files = (
				702314681F1F8F1E00EB73D5 /* Swiggy_AssignmentUITests.swift in Sources */,
			);
			runOnlyForDeploymentPostprocessing = 0;
		};
/* End PBXSourcesBuildPhase section */

/* Begin PBXTargetDependency section */
		7023145A1F1F8F1E00EB73D5 /* PBXTargetDependency */ = {
			isa = PBXTargetDependency;
			target = 702314431F1F8F1E00EB73D5 /* Swiggy-Assignment */;
			targetProxy = 702314591F1F8F1E00EB73D5 /* PBXContainerItemProxy */;
		};
		702314651F1F8F1E00EB73D5 /* PBXTargetDependency */ = {
			isa = PBXTargetDependency;
			target = 702314431F1F8F1E00EB73D5 /* Swiggy-Assignment */;
			targetProxy = 702314641F1F8F1E00EB73D5 /* PBXContainerItemProxy */;
		};
/* End PBXTargetDependency section */

/* Begin PBXVariantGroup section */
		7023144B1F1F8F1E00EB73D5 /* Main.storyboard */ = {
			isa = PBXVariantGroup;
			children = (
				7023144C1F1F8F1E00EB73D5 /* Base */,
			);
			name = Main.storyboard;
			sourceTree = "<group>";
		};
		702314501F1F8F1E00EB73D5 /* LaunchScreen.storyboard */ = {
			isa = PBXVariantGroup;
			children = (
				702314511F1F8F1E00EB73D5 /* Base */,
			);
			name = LaunchScreen.storyboard;
			sourceTree = "<group>";
		};
/* End PBXVariantGroup section */

/* Begin XCBuildConfiguration section */
		7023146A1F1F8F1E00EB73D5 /* Debug */ = {
			isa = XCBuildConfiguration;
			buildSettings = {
				ALWAYS_SEARCH_USER_PATHS = NO;
				CLANG_ANALYZER_NONNULL = YES;
				CLANG_ANALYZER_NUMBER_OBJECT_CONVERSION = YES_AGGRESSIVE;
				CLANG_CXX_LANGUAGE_STANDARD = "gnu++0x";
				CLANG_CXX_LIBRARY = "libc++";
				CLANG_ENABLE_MODULES = YES;
				CLANG_ENABLE_OBJC_ARC = YES;
				CLANG_WARN_BOOL_CONVERSION = YES;
				CLANG_WARN_CONSTANT_CONVERSION = YES;
				CLANG_WARN_DIRECT_OBJC_ISA_USAGE = YES_ERROR;
				CLANG_WARN_DOCUMENTATION_COMMENTS = YES;
				CLANG_WARN_EMPTY_BODY = YES;
				CLANG_WARN_ENUM_CONVERSION = YES;
				CLANG_WARN_INFINITE_RECURSION = YES;
				CLANG_WARN_INT_CONVERSION = YES;
				CLANG_WARN_OBJC_ROOT_CLASS = YES_ERROR;
				CLANG_WARN_SUSPICIOUS_MOVE = YES;
				CLANG_WARN_UNREACHABLE_CODE = YES;
				CLANG_WARN__DUPLICATE_METHOD_MATCH = YES;
				"CODE_SIGN_IDENTITY[sdk=iphoneos*]" = "iPhone Developer";
				COPY_PHASE_STRIP = NO;
				DEBUG_INFORMATION_FORMAT = dwarf;
				ENABLE_STRICT_OBJC_MSGSEND = YES;
				ENABLE_TESTABILITY = YES;
				GCC_C_LANGUAGE_STANDARD = gnu99;
				GCC_DYNAMIC_NO_PIC = NO;
				GCC_NO_COMMON_BLOCKS = YES;
				GCC_OPTIMIZATION_LEVEL = 0;
				GCC_PREPROCESSOR_DEFINITIONS = (
					"DEBUG=1",
					"$(inherited)",
				);
				GCC_WARN_64_TO_32_BIT_CONVERSION = YES;
				GCC_WARN_ABOUT_RETURN_TYPE = YES_ERROR;
				GCC_WARN_UNDECLARED_SELECTOR = YES;
				GCC_WARN_UNINITIALIZED_AUTOS = YES_AGGRESSIVE;
				GCC_WARN_UNUSED_FUNCTION = YES;
				GCC_WARN_UNUSED_VARIABLE = YES;
				IPHONEOS_DEPLOYMENT_TARGET = 10.3;
				MTL_ENABLE_DEBUG_INFO = YES;
				ONLY_ACTIVE_ARCH = YES;
				SDKROOT = iphoneos;
				SWIFT_ACTIVE_COMPILATION_CONDITIONS = DEBUG;
				SWIFT_OPTIMIZATION_LEVEL = "-Onone";
			};
			name = Debug;
		};
		7023146B1F1F8F1E00EB73D5 /* Release */ = {
			isa = XCBuildConfiguration;
			buildSettings = {
				ALWAYS_SEARCH_USER_PATHS = NO;
				CLANG_ANALYZER_NONNULL = YES;
				CLANG_ANALYZER_NUMBER_OBJECT_CONVERSION = YES_AGGRESSIVE;
				CLANG_CXX_LANGUAGE_STANDARD = "gnu++0x";
				CLANG_CXX_LIBRARY = "libc++";
				CLANG_ENABLE_MODULES = YES;
				CLANG_ENABLE_OBJC_ARC = YES;
				CLANG_WARN_BOOL_CONVERSION = YES;
				CLANG_WARN_CONSTANT_CONVERSION = YES;
				CLANG_WARN_DIRECT_OBJC_ISA_USAGE = YES_ERROR;
				CLANG_WARN_DOCUMENTATION_COMMENTS = YES;
				CLANG_WARN_EMPTY_BODY = YES;
				CLANG_WARN_ENUM_CONVERSION = YES;
				CLANG_WARN_INFINITE_RECURSION = YES;
				CLANG_WARN_INT_CONVERSION = YES;
				CLANG_WARN_OBJC_ROOT_CLASS = YES_ERROR;
				CLANG_WARN_SUSPICIOUS_MOVE = YES;
				CLANG_WARN_UNREACHABLE_CODE = YES;
				CLANG_WARN__DUPLICATE_METHOD_MATCH = YES;
				"CODE_SIGN_IDENTITY[sdk=iphoneos*]" = "iPhone Developer";
				COPY_PHASE_STRIP = NO;
				DEBUG_INFORMATION_FORMAT = "dwarf-with-dsym";
				ENABLE_NS_ASSERTIONS = NO;
				ENABLE_STRICT_OBJC_MSGSEND = YES;
				GCC_C_LANGUAGE_STANDARD = gnu99;
				GCC_NO_COMMON_BLOCKS = YES;
				GCC_WARN_64_TO_32_BIT_CONVERSION = YES;
				GCC_WARN_ABOUT_RETURN_TYPE = YES_ERROR;
				GCC_WARN_UNDECLARED_SELECTOR = YES;
				GCC_WARN_UNINITIALIZED_AUTOS = YES_AGGRESSIVE;
				GCC_WARN_UNUSED_FUNCTION = YES;
				GCC_WARN_UNUSED_VARIABLE = YES;
				IPHONEOS_DEPLOYMENT_TARGET = 10.3;
				MTL_ENABLE_DEBUG_INFO = NO;
				SDKROOT = iphoneos;
				SWIFT_OPTIMIZATION_LEVEL = "-Owholemodule";
				VALIDATE_PRODUCT = YES;
			};
			name = Release;
		};
		7023146D1F1F8F1E00EB73D5 /* Debug */ = {
			isa = XCBuildConfiguration;
			buildSettings = {
				ASSETCATALOG_COMPILER_APPICON_NAME = AppIcon;
				DEVELOPMENT_TEAM = "";
				INFOPLIST_FILE = "Swiggy-Assignment/Info.plist";
				LD_RUNPATH_SEARCH_PATHS = "$(inherited) @executable_path/Frameworks";
				PRODUCT_BUNDLE_IDENTIFIER = "com.til.swift.Swiggy-Assignment";
				PRODUCT_NAME = "$(TARGET_NAME)";
				SWIFT_VERSION = 3.0;
			};
			name = Debug;
		};
		7023146E1F1F8F1E00EB73D5 /* Release */ = {
			isa = XCBuildConfiguration;
			buildSettings = {
				ASSETCATALOG_COMPILER_APPICON_NAME = AppIcon;
				DEVELOPMENT_TEAM = "";
				INFOPLIST_FILE = "Swiggy-Assignment/Info.plist";
				LD_RUNPATH_SEARCH_PATHS = "$(inherited) @executable_path/Frameworks";
				PRODUCT_BUNDLE_IDENTIFIER = "com.til.swift.Swiggy-Assignment";
				PRODUCT_NAME = "$(TARGET_NAME)";
				SWIFT_VERSION = 3.0;
			};
			name = Release;
		};
		702314701F1F8F1E00EB73D5 /* Debug */ = {
			isa = XCBuildConfiguration;
			buildSettings = {
				ALWAYS_EMBED_SWIFT_STANDARD_LIBRARIES = YES;
				BUNDLE_LOADER = "$(TEST_HOST)";
				DEVELOPMENT_TEAM = CUPR9ZQ95N;
				INFOPLIST_FILE = "Swiggy-AssignmentTests/Info.plist";
				LD_RUNPATH_SEARCH_PATHS = "$(inherited) @executable_path/Frameworks @loader_path/Frameworks";
				PRODUCT_BUNDLE_IDENTIFIER = "com.til.swift.Swiggy-AssignmentTests";
				PRODUCT_NAME = "$(TARGET_NAME)";
				SWIFT_VERSION = 3.0;
				TEST_HOST = "$(BUILT_PRODUCTS_DIR)/Swiggy-Assignment.app/Swiggy-Assignment";
			};
			name = Debug;
		};
		702314711F1F8F1E00EB73D5 /* Release */ = {
			isa = XCBuildConfiguration;
			buildSettings = {
				ALWAYS_EMBED_SWIFT_STANDARD_LIBRARIES = YES;
				BUNDLE_LOADER = "$(TEST_HOST)";
				DEVELOPMENT_TEAM = CUPR9ZQ95N;
				INFOPLIST_FILE = "Swiggy-AssignmentTests/Info.plist";
				LD_RUNPATH_SEARCH_PATHS = "$(inherited) @executable_path/Frameworks @loader_path/Frameworks";
				PRODUCT_BUNDLE_IDENTIFIER = "com.til.swift.Swiggy-AssignmentTests";
				PRODUCT_NAME = "$(TARGET_NAME)";
				SWIFT_VERSION = 3.0;
				TEST_HOST = "$(BUILT_PRODUCTS_DIR)/Swiggy-Assignment.app/Swiggy-Assignment";
			};
			name = Release;
		};
		702314731F1F8F1E00EB73D5 /* Debug */ = {
			isa = XCBuildConfiguration;
			buildSettings = {
				ALWAYS_EMBED_SWIFT_STANDARD_LIBRARIES = YES;
				DEVELOPMENT_TEAM = CUPR9ZQ95N;
				INFOPLIST_FILE = "Swiggy-AssignmentUITests/Info.plist";
				LD_RUNPATH_SEARCH_PATHS = "$(inherited) @executable_path/Frameworks @loader_path/Frameworks";
				PRODUCT_BUNDLE_IDENTIFIER = "com.til.swift.Swiggy-AssignmentUITests";
				PRODUCT_NAME = "$(TARGET_NAME)";
				SWIFT_VERSION = 3.0;
				TEST_TARGET_NAME = "Swiggy-Assignment";
			};
			name = Debug;
		};
		702314741F1F8F1E00EB73D5 /* Release */ = {
			isa = XCBuildConfiguration;
			buildSettings = {
				ALWAYS_EMBED_SWIFT_STANDARD_LIBRARIES = YES;
				DEVELOPMENT_TEAM = CUPR9ZQ95N;
				INFOPLIST_FILE = "Swiggy-AssignmentUITests/Info.plist";
				LD_RUNPATH_SEARCH_PATHS = "$(inherited) @executable_path/Frameworks @loader_path/Frameworks";
				PRODUCT_BUNDLE_IDENTIFIER = "com.til.swift.Swiggy-AssignmentUITests";
				PRODUCT_NAME = "$(TARGET_NAME)";
				SWIFT_VERSION = 3.0;
				TEST_TARGET_NAME = "Swiggy-Assignment";
			};
			name = Release;
		};
/* End XCBuildConfiguration section */

/* Begin XCConfigurationList section */
		7023143F1F1F8F1E00EB73D5 /* Build configuration list for PBXProject "Swiggy-Assignment" */ = {
			isa = XCConfigurationList;
			buildConfigurations = (
				7023146A1F1F8F1E00EB73D5 /* Debug */,
				7023146B1F1F8F1E00EB73D5 /* Release */,
			);
			defaultConfigurationIsVisible = 0;
			defaultConfigurationName = Release;
		};
		7023146C1F1F8F1E00EB73D5 /* Build configuration list for PBXNativeTarget "Swiggy-Assignment" */ = {
			isa = XCConfigurationList;
			buildConfigurations = (
				7023146D1F1F8F1E00EB73D5 /* Debug */,
				7023146E1F1F8F1E00EB73D5 /* Release */,
			);
			defaultConfigurationIsVisible = 0;
		};
		7023146F1F1F8F1E00EB73D5 /* Build configuration list for PBXNativeTarget "Swiggy-AssignmentTests" */ = {
			isa = XCConfigurationList;
			buildConfigurations = (
				702314701F1F8F1E00EB73D5 /* Debug */,
				702314711F1F8F1E00EB73D5 /* Release */,
			);
			defaultConfigurationIsVisible = 0;
		};
		702314721F1F8F1E00EB73D5 /* Build configuration list for PBXNativeTarget "Swiggy-AssignmentUITests" */ = {
			isa = XCConfigurationList;
			buildConfigurations = (
				702314731F1F8F1E00EB73D5 /* Debug */,
				702314741F1F8F1E00EB73D5 /* Release */,
			);
			defaultConfigurationIsVisible = 0;
		};
/* End XCConfigurationList section */
	};
	rootObject = 7023143C1F1F8F1E00EB73D5 /* Project object */;
}
